
Microsoft Visual Studio Solution File, Format Version 12.00
# Visual Studio Version 17
VisualStudioVersion = 17.7.34024.191
MinimumVisualStudioVersion = 10.0.40219.1
Project("{FAE04EC0-301F-11D3-BF4B-00C04F79EFBC}") = "CounselingCenter", "CounselingCenter.csproj", "{FAEDD21E-71FC-47B9-8BB0-8FE3DF29532C}"
EndProject
Global
	GlobalSection(SolutionConfigurationPlatforms) = preSolution
		Debug|Any CPU = Debug|Any CPU
		Release|Any CPU = Release|Any CPU
	EndGlobalSection
	GlobalSection(ProjectConfigurationPlatforms) = postSolution
		{FAEDD21E-71FC-47B9-8BB0-8FE3DF29532C}.Debug|Any CPU.ActiveCfg = Debug|Any CPU
		{FAEDD21E-71FC-47B9-8BB0-8FE3DF29532C}.Debug|Any CPU.Build.0 = Debug|Any CPU
		{FAEDD21E-71FC-47B9-8BB0-8FE3DF29532C}.Release|Any CPU.ActiveCfg = Release|Any CPU
		{FAEDD21E-71FC-47B9-8BB0-8FE3DF29532C}.Release|Any CPU.Build.0 = Release|Any CPU
	EndGlobalSection
	GlobalSection(SolutionProperties) = preSolution
		HideSolutionNode = FALSE
	EndGlobalSection
	GlobalSection(ExtensibilityGlobals) = postSolution
		SolutionGuid = {65270F0F-71BE-4A44-99D7-E043842EBBFC}
	EndGlobalSection
EndGlobal
